<?xml version="1.0" encoding="utf-8"?>
<Project ToolsVersion="4.0" xmlns="http://schemas.microsoft.com/developer/msbuild/2003">
  <ItemGroup>
    <Filter Include="JKNL">
      <UniqueIdentifier>{F4EC867C-E023-880D-8910-6E107526040F}</UniqueIdentifier>
    </Filter>
    <Filter Include="JKNL\Events">
      <UniqueIdentifier>{58FE3914-C4B3-B209-4DA8-ACE0B95CA90D}</UniqueIdentifier>
    </Filter>
    <Filter Include="JKNL\Window">
      <UniqueIdentifier>{5B5F503D-C714-C932-5009-C309BCBDBF36}</UniqueIdentifier>
    </Filter>
  </ItemGroup>
  <ItemGroup>
    <ClInclude Include="src\JKNL.h" />
    <ClInclude Include="src\JKNL\Application.h">
      <Filter>JKNL</Filter>
    </ClInclude>
    <ClInclude Include="src\JKNL\EntryPoint.h">
      <Filter>JKNL</Filter>
    </ClInclude>
    <ClInclude Include="src\JKNL\Events\ApplicationEvent.h">
      <Filter>JKNL\Events</Filter>
    </ClInclude>
    <ClInclude Include="src\JKNL\Events\Event.h">
      <Filter>JKNL\Events</Filter>
    </ClInclude>
    <ClInclude Include="src\JKNL\Events\KeyEvent.h">
      <Filter>JKNL\Events</Filter>
    </ClInclude>
    <ClInclude Include="src\JKNL\Events\MouseEvent.h">
      <Filter>JKNL\Events</Filter>
    </ClInclude>
    <ClInclude Include="src\JKNL\Log.h">
      <Filter>JKNL</Filter>
    </ClInclude>
    <ClInclude Include="src\JKNL\Window\Window.h">
      <Filter>JKNL\Window</Filter>
    </ClInclude>
    <ClInclude Include="src\JKNL\Window\WindowBase.h">
      <Filter>JKNL\Window</Filter>
    </ClInclude>
    <ClInclude Include="src\JKNL\core.h">
      <Filter>JKNL</Filter>
    </ClInclude>
    <ClInclude Include="src\JKNL\json.h">
      <Filter>JKNL</Filter>
    </ClInclude>
    <ClInclude Include="src\jknlpch.h" />
  </ItemGroup>
  <ItemGroup>
    <ClCompile Include="src\JKNL\Application.cpp">
      <Filter>JKNL</Filter>
    </ClCompile>
    <ClCompile Include="src\JKNL\Log.cpp">
      <Filter>JKNL</Filter>
    </ClCompile>
    <ClCompile Include="src\JKNL\Window\Window.cpp">
      <Filter>JKNL\Window</Filter>
    </ClCompile>
    <ClCompile Include="src\jknlpch.cpp" />
  </ItemGroup>
</Project>