<?xml version="1.0" encoding="utf-8"?>
<Project ToolsVersion="4.0" xmlns="http://schemas.microsoft.com/developer/msbuild/2003">
  <ItemGroup>
    <Filter Include="JKNL">
      <UniqueIdentifier>{F4EC867C-E023-880D-8910-6E107526040F}</UniqueIdentifier>
    </Filter>
  </ItemGroup>
  <ItemGroup>
    <ClInclude Include="src\JKNL.h" />
    <ClInclude Include="src\JKNL\Application.h">
      <Filter>JKNL</Filter>
    </ClInclude>
    <ClInclude Include="src\JKNL\EntryPoint.h">
      <Filter>JKNL</Filter>
    </ClInclude>
    <ClInclude Include="src\JKNL\Log.h">
      <Filter>JKNL</Filter>
    </ClInclude>
    <ClInclude Include="src\JKNL\core.h">
      <Filter>JKNL</Filter>
    </ClInclude>
  </ItemGroup>
  <ItemGroup>
    <ClCompile Include="src\JKNL\Application.cpp">
      <Filter>JKNL</Filter>
    </ClCompile>
    <ClCompile Include="src\JKNL\Log.cpp">
      <Filter>JKNL</Filter>
    </ClCompile>
    <ClCompile Include="src\JKNL\core.cpp">
      <Filter>JKNL</Filter>
    </ClCompile>
  </ItemGroup>
</Project>